
Microsoft Visual Studio Solution File, Format Version 12.00
# Visual Studio 15
VisualStudioVersion = 15.0.28010.2046
MinimumVisualStudioVersion = 10.0.40219.1
Project("{8BC9CEB8-8B4A-11D0-8D11-00A0C91BC942}") = "MFCLibrary", "MFCLibrary\MFCLibrary.vcxproj", "{EDFEAE9B-4776-4855-951A-4F95CDF05E5C}"
EndProject
Project("{8BC9CEB8-8B4A-11D0-8D11-00A0C91BC942}") = "CLRLibrary", "CLRLibrary\CLRLibrary.vcxproj", "{8A4BCE9D-6B08-470A-B8DD-A1E45D4DD7F4}"
	ProjectSection(ProjectDependencies) = postProject
		{EDFEAE9B-4776-4855-951A-4F95CDF05E5C} = {EDFEAE9B-4776-4855-951A-4F95CDF05E5C}
	EndProjectSection
EndProject
Project("{FAE04EC0-301F-11D3-BF4B-00C04F79EFBC}") = "WindowsFormsApp", "WindowsFormsApp\WindowsFormsApp.csproj", "{5BAD0E4A-6C0F-4D4B-B394-15190FFAE41E}"
	ProjectSection(ProjectDependencies) = postProject
		{EDFEAE9B-4776-4855-951A-4F95CDF05E5C} = {EDFEAE9B-4776-4855-951A-4F95CDF05E5C}
	EndProjectSection
EndProject
Global
	GlobalSection(SolutionConfigurationPlatforms) = preSolution
		Debug|Any CPU = Debug|Any CPU
		Debug|x64 = Debug|x64
		Debug|x86 = Debug|x86
		Release|Any CPU = Release|Any CPU
		Release|x64 = Release|x64
		Release|x86 = Release|x86
	EndGlobalSection
	GlobalSection(ProjectConfigurationPlatforms) = postSolution
		{EDFEAE9B-4776-4855-951A-4F95CDF05E5C}.Debug|Any CPU.ActiveCfg = Debug|Win32
		{EDFEAE9B-4776-4855-951A-4F95CDF05E5C}.Debug|x64.ActiveCfg = Debug|x64
		{EDFEAE9B-4776-4855-951A-4F95CDF05E5C}.Debug|x64.Build.0 = Debug|x64
		{EDFEAE9B-4776-4855-951A-4F95CDF05E5C}.Debug|x86.ActiveCfg = Debug|Win32
		{EDFEAE9B-4776-4855-951A-4F95CDF05E5C}.Debug|x86.Build.0 = Debug|Win32
		{EDFEAE9B-4776-4855-951A-4F95CDF05E5C}.Release|Any CPU.ActiveCfg = Release|Win32
		{EDFEAE9B-4776-4855-951A-4F95CDF05E5C}.Release|x64.ActiveCfg = Release|x64
		{EDFEAE9B-4776-4855-951A-4F95CDF05E5C}.Release|x64.Build.0 = Release|x64
		{EDFEAE9B-4776-4855-951A-4F95CDF05E5C}.Release|x86.ActiveCfg = Release|Win32
		{EDFEAE9B-4776-4855-951A-4F95CDF05E5C}.Release|x86.Build.0 = Release|Win32
		{8A4BCE9D-6B08-470A-B8DD-A1E45D4DD7F4}.Debug|Any CPU.ActiveCfg = Debug|Win32
		{8A4BCE9D-6B08-470A-B8DD-A1E45D4DD7F4}.Debug|x64.ActiveCfg = Debug|x64
		{8A4BCE9D-6B08-470A-B8DD-A1E45D4DD7F4}.Debug|x64.Build.0 = Debug|x64
		{8A4BCE9D-6B08-470A-B8DD-A1E45D4DD7F4}.Debug|x86.ActiveCfg = Debug|Win32
		{8A4BCE9D-6B08-470A-B8DD-A1E45D4DD7F4}.Debug|x86.Build.0 = Debug|Win32
		{8A4BCE9D-6B08-470A-B8DD-A1E45D4DD7F4}.Release|Any CPU.ActiveCfg = Release|Win32
		{8A4BCE9D-6B08-470A-B8DD-A1E45D4DD7F4}.Release|x64.ActiveCfg = Release|x64
		{8A4BCE9D-6B08-470A-B8DD-A1E45D4DD7F4}.Release|x64.Build.0 = Release|x64
		{8A4BCE9D-6B08-470A-B8DD-A1E45D4DD7F4}.Release|x86.ActiveCfg = Release|Win32
		{8A4BCE9D-6B08-470A-B8DD-A1E45D4DD7F4}.Release|x86.Build.0 = Release|Win32
		{5BAD0E4A-6C0F-4D4B-B394-15190FFAE41E}.Debug|Any CPU.ActiveCfg = Debug|Any CPU
		{5BAD0E4A-6C0F-4D4B-B394-15190FFAE41E}.Debug|Any CPU.Build.0 = Debug|Any CPU
		{5BAD0E4A-6C0F-4D4B-B394-15190FFAE41E}.Debug|x64.ActiveCfg = Debug|Any CPU
		{5BAD0E4A-6C0F-4D4B-B394-15190FFAE41E}.Debug|x64.Build.0 = Debug|Any CPU
		{5BAD0E4A-6C0F-4D4B-B394-15190FFAE41E}.Debug|x86.ActiveCfg = Debug|Any CPU
		{5BAD0E4A-6C0F-4D4B-B394-15190FFAE41E}.Debug|x86.Build.0 = Debug|Any CPU
		{5BAD0E4A-6C0F-4D4B-B394-15190FFAE41E}.Release|Any CPU.ActiveCfg = Release|Any CPU
		{5BAD0E4A-6C0F-4D4B-B394-15190FFAE41E}.Release|Any CPU.Build.0 = Release|Any CPU
		{5BAD0E4A-6C0F-4D4B-B394-15190FFAE41E}.Release|x64.ActiveCfg = Release|Any CPU
		{5BAD0E4A-6C0F-4D4B-B394-15190FFAE41E}.Release|x64.Build.0 = Release|Any CPU
		{5BAD0E4A-6C0F-4D4B-B394-15190FFAE41E}.Release|x86.ActiveCfg = Release|Any CPU
		{5BAD0E4A-6C0F-4D4B-B394-15190FFAE41E}.Release|x86.Build.0 = Release|Any CPU
	EndGlobalSection
	GlobalSection(SolutionProperties) = preSolution
		HideSolutionNode = FALSE
	EndGlobalSection
	GlobalSection(ExtensibilityGlobals) = postSolution
		SolutionGuid = {C035F8AE-29A4-4616-A12C-E082FA4410B4}
	EndGlobalSection
EndGlobal
